
Microsoft Visual Studio Solution File, Format Version 12.00
# Visual Studio Version 17
VisualStudioVersion = 17.5.2.0
MinimumVisualStudioVersion = 10.0.40219.1
Project("{FAE04EC0-301F-11D3-BF4B-00C04F79EFBC}") = "RamStockAlerts", "RamStockAlerts.csproj", "{E9F4593D-387E-0198-141B-37AA7D8420A0}"
EndProject
Project("{FAE04EC0-301F-11D3-BF4B-00C04F79EFBC}") = "RamStockAlerts.Tests", "RamStockAlerts.Tests\RamStockAlerts.Tests.csproj", "{E8730FCD-724E-41FA-99FB-258E6EEFA8A0}"
EndProject
Project("{FAE04EC0-301F-11D3-BF4B-00C04F79EFBC}") = "RamStockAlerts.Execution", "RamStockAlerts.Execution\RamStockAlerts.Execution.csproj", "{A1B2C3D4-E5F6-4A5B-9C8D-7E6F5A4B3C2D}"
EndProject
Project("{FAE04EC0-301F-11D3-BF4B-00C04F79EFBC}") = "RamStockAlerts.Execution.Tests", "RamStockAlerts.Execution.Tests\RamStockAlerts.Execution.Tests.csproj", "{B2C3D4E5-F6A7-4B5C-AD9E-8F7A6B5C4D3E}"
EndProject
Project("{2150E333-8FDC-42A3-9474-1A3956D46DE8}") = "lib", "lib", "{3A8DF596-E814-FECC-DD4B-D8EF8AAC1A0D}"
EndProject
Project("{2150E333-8FDC-42A3-9474-1A3956D46DE8}") = "ibkr", "ibkr", "{6B9FB3BF-B0BF-5485-04C3-FC47E7D21CD1}"
EndProject
Project("{2150E333-8FDC-42A3-9474-1A3956D46DE8}") = "CSharpClient", "CSharpClient", "{C2285E63-0BFB-97C4-7614-58A7CD2300B7}"
EndProject
Project("{FAE04EC0-301F-11D3-BF4B-00C04F79EFBC}") = "CSharpAPI", "lib\ibkr\CSharpClient\CSharpAPI.csproj", "{2E19D5FF-691C-4079-8C9D-5DD43D853A67}"
EndProject
Global
	GlobalSection(SolutionConfigurationPlatforms) = preSolution
		Debug|Any CPU = Debug|Any CPU
		Debug|x64 = Debug|x64
		Debug|x86 = Debug|x86
		Release|Any CPU = Release|Any CPU
		Release|x64 = Release|x64
		Release|x86 = Release|x86
	EndGlobalSection
	GlobalSection(ProjectConfigurationPlatforms) = postSolution
		{E9F4593D-387E-0198-141B-37AA7D8420A0}.Debug|Any CPU.ActiveCfg = Debug|Any CPU
		{E9F4593D-387E-0198-141B-37AA7D8420A0}.Debug|Any CPU.Build.0 = Debug|Any CPU
		{E9F4593D-387E-0198-141B-37AA7D8420A0}.Debug|x64.ActiveCfg = Debug|Any CPU
		{E9F4593D-387E-0198-141B-37AA7D8420A0}.Debug|x64.Build.0 = Debug|Any CPU
		{E9F4593D-387E-0198-141B-37AA7D8420A0}.Debug|x86.ActiveCfg = Debug|Any CPU
		{E9F4593D-387E-0198-141B-37AA7D8420A0}.Debug|x86.Build.0 = Debug|Any CPU
		{E9F4593D-387E-0198-141B-37AA7D8420A0}.Release|Any CPU.ActiveCfg = Release|Any CPU
		{E9F4593D-387E-0198-141B-37AA7D8420A0}.Release|Any CPU.Build.0 = Release|Any CPU
		{E9F4593D-387E-0198-141B-37AA7D8420A0}.Release|x64.ActiveCfg = Release|Any CPU
		{E9F4593D-387E-0198-141B-37AA7D8420A0}.Release|x64.Build.0 = Release|Any CPU
		{E9F4593D-387E-0198-141B-37AA7D8420A0}.Release|x86.ActiveCfg = Release|Any CPU
		{E9F4593D-387E-0198-141B-37AA7D8420A0}.Release|x86.Build.0 = Release|Any CPU
		{E8730FCD-724E-41FA-99FB-258E6EEFA8A0}.Debug|Any CPU.ActiveCfg = Debug|Any CPU
		{E8730FCD-724E-41FA-99FB-258E6EEFA8A0}.Debug|Any CPU.Build.0 = Debug|Any CPU
		{E8730FCD-724E-41FA-99FB-258E6EEFA8A0}.Debug|x64.ActiveCfg = Debug|Any CPU
		{E8730FCD-724E-41FA-99FB-258E6EEFA8A0}.Debug|x64.Build.0 = Debug|Any CPU
		{E8730FCD-724E-41FA-99FB-258E6EEFA8A0}.Debug|x86.ActiveCfg = Debug|Any CPU
		{E8730FCD-724E-41FA-99FB-258E6EEFA8A0}.Debug|x86.Build.0 = Debug|Any CPU
		{E8730FCD-724E-41FA-99FB-258E6EEFA8A0}.Release|Any CPU.ActiveCfg = Release|Any CPU
		{E8730FCD-724E-41FA-99FB-258E6EEFA8A0}.Release|Any CPU.Build.0 = Release|Any CPU
		{E8730FCD-724E-41FA-99FB-258E6EEFA8A0}.Release|x64.ActiveCfg = Release|Any CPU
		{E8730FCD-724E-41FA-99FB-258E6EEFA8A0}.Release|x64.Build.0 = Release|Any CPU
		{E8730FCD-724E-41FA-99FB-258E6EEFA8A0}.Release|x86.ActiveCfg = Release|Any CPU
		{E8730FCD-724E-41FA-99FB-258E6EEFA8A0}.Release|x86.Build.0 = Release|Any CPU
		{A1B2C3D4-E5F6-4A5B-9C8D-7E6F5A4B3C2D}.Debug|Any CPU.ActiveCfg = Debug|Any CPU
		{A1B2C3D4-E5F6-4A5B-9C8D-7E6F5A4B3C2D}.Debug|Any CPU.Build.0 = Debug|Any CPU
		{A1B2C3D4-E5F6-4A5B-9C8D-7E6F5A4B3C2D}.Debug|x64.ActiveCfg = Debug|Any CPU
		{A1B2C3D4-E5F6-4A5B-9C8D-7E6F5A4B3C2D}.Debug|x64.Build.0 = Debug|Any CPU
		{A1B2C3D4-E5F6-4A5B-9C8D-7E6F5A4B3C2D}.Debug|x86.ActiveCfg = Debug|Any CPU
		{A1B2C3D4-E5F6-4A5B-9C8D-7E6F5A4B3C2D}.Debug|x86.Build.0 = Debug|Any CPU
		{A1B2C3D4-E5F6-4A5B-9C8D-7E6F5A4B3C2D}.Release|Any CPU.ActiveCfg = Release|Any CPU
		{A1B2C3D4-E5F6-4A5B-9C8D-7E6F5A4B3C2D}.Release|Any CPU.Build.0 = Release|Any CPU
		{A1B2C3D4-E5F6-4A5B-9C8D-7E6F5A4B3C2D}.Release|x64.ActiveCfg = Release|Any CPU
		{A1B2C3D4-E5F6-4A5B-9C8D-7E6F5A4B3C2D}.Release|x64.Build.0 = Release|Any CPU
		{A1B2C3D4-E5F6-4A5B-9C8D-7E6F5A4B3C2D}.Release|x86.ActiveCfg = Release|Any CPU
		{A1B2C3D4-E5F6-4A5B-9C8D-7E6F5A4B3C2D}.Release|x86.Build.0 = Release|Any CPU
		{B2C3D4E5-F6A7-4B5C-AD9E-8F7A6B5C4D3E}.Debug|Any CPU.ActiveCfg = Debug|Any CPU
		{B2C3D4E5-F6A7-4B5C-AD9E-8F7A6B5C4D3E}.Debug|Any CPU.Build.0 = Debug|Any CPU
		{B2C3D4E5-F6A7-4B5C-AD9E-8F7A6B5C4D3E}.Debug|x64.ActiveCfg = Debug|Any CPU
		{B2C3D4E5-F6A7-4B5C-AD9E-8F7A6B5C4D3E}.Debug|x64.Build.0 = Debug|Any CPU
		{B2C3D4E5-F6A7-4B5C-AD9E-8F7A6B5C4D3E}.Debug|x86.ActiveCfg = Debug|Any CPU
		{B2C3D4E5-F6A7-4B5C-AD9E-8F7A6B5C4D3E}.Debug|x86.Build.0 = Debug|Any CPU
		{B2C3D4E5-F6A7-4B5C-AD9E-8F7A6B5C4D3E}.Release|Any CPU.ActiveCfg = Release|Any CPU
		{B2C3D4E5-F6A7-4B5C-AD9E-8F7A6B5C4D3E}.Release|Any CPU.Build.0 = Release|Any CPU
		{B2C3D4E5-F6A7-4B5C-AD9E-8F7A6B5C4D3E}.Release|x64.ActiveCfg = Release|Any CPU
		{B2C3D4E5-F6A7-4B5C-AD9E-8F7A6B5C4D3E}.Release|x64.Build.0 = Release|Any CPU
		{B2C3D4E5-F6A7-4B5C-AD9E-8F7A6B5C4D3E}.Release|x86.ActiveCfg = Release|Any CPU
		{B2C3D4E5-F6A7-4B5C-AD9E-8F7A6B5C4D3E}.Release|x86.Build.0 = Release|Any CPU
		{2E19D5FF-691C-4079-8C9D-5DD43D853A67}.Debug|Any CPU.ActiveCfg = Debug|Any CPU
		{2E19D5FF-691C-4079-8C9D-5DD43D853A67}.Debug|Any CPU.Build.0 = Debug|Any CPU
		{2E19D5FF-691C-4079-8C9D-5DD43D853A67}.Debug|x64.ActiveCfg = Debug|Any CPU
		{2E19D5FF-691C-4079-8C9D-5DD43D853A67}.Debug|x64.Build.0 = Debug|Any CPU
		{2E19D5FF-691C-4079-8C9D-5DD43D853A67}.Debug|x86.ActiveCfg = Debug|Any CPU
		{2E19D5FF-691C-4079-8C9D-5DD43D853A67}.Debug|x86.Build.0 = Debug|Any CPU
		{2E19D5FF-691C-4079-8C9D-5DD43D853A67}.Release|Any CPU.ActiveCfg = Release|Any CPU
		{2E19D5FF-691C-4079-8C9D-5DD43D853A67}.Release|Any CPU.Build.0 = Release|Any CPU
		{2E19D5FF-691C-4079-8C9D-5DD43D853A67}.Release|x64.ActiveCfg = Release|Any CPU
		{2E19D5FF-691C-4079-8C9D-5DD43D853A67}.Release|x64.Build.0 = Release|Any CPU
		{2E19D5FF-691C-4079-8C9D-5DD43D853A67}.Release|x86.ActiveCfg = Release|Any CPU
		{2E19D5FF-691C-4079-8C9D-5DD43D853A67}.Release|x86.Build.0 = Release|Any CPU
	EndGlobalSection
	GlobalSection(SolutionProperties) = preSolution
		HideSolutionNode = FALSE
	EndGlobalSection
	GlobalSection(NestedProjects) = preSolution
		{6B9FB3BF-B0BF-5485-04C3-FC47E7D21CD1} = {3A8DF596-E814-FECC-DD4B-D8EF8AAC1A0D}
		{C2285E63-0BFB-97C4-7614-58A7CD2300B7} = {6B9FB3BF-B0BF-5485-04C3-FC47E7D21CD1}
		{2E19D5FF-691C-4079-8C9D-5DD43D853A67} = {C2285E63-0BFB-97C4-7614-58A7CD2300B7}
	EndGlobalSection
	GlobalSection(ExtensibilityGlobals) = postSolution
		SolutionGuid = {C2AF85CF-63B5-4E2A-A1B0-3FE186C2817B}
	EndGlobalSection
EndGlobal
